
Microsoft Visual Studio Solution File, Format Version 12.00
# Visual Studio Version 17
VisualStudioVersion = 17.14.36401.2 d17.14
MinimumVisualStudioVersion = 10.0.40219.1
Project("{8BC9CEB8-8B4A-11D0-8D11-00A0C91BC942}") = "Project7", "Project7.vcxproj", "{8E93B26B-0277-4A32-BBD9-E7BCD68FFCCD}"
EndProject
Global
	GlobalSection(SolutionConfigurationPlatforms) = preSolution
		Debug|x64 = Debug|x64
		Debug|x86 = Debug|x86
		Release|x64 = Release|x64
		Release|x86 = Release|x86
	EndGlobalSection
	GlobalSection(ProjectConfigurationPlatforms) = postSolution
		{8E93B26B-0277-4A32-BBD9-E7BCD68FFCCD}.Debug|x64.ActiveCfg = Debug|x64
		{8E93B26B-0277-4A32-BBD9-E7BCD68FFCCD}.Debug|x64.Build.0 = Debug|x64
		{8E93B26B-0277-4A32-BBD9-E7BCD68FFCCD}.Debug|x86.ActiveCfg = Debug|Win32
		{8E93B26B-0277-4A32-BBD9-E7BCD68FFCCD}.Debug|x86.Build.0 = Debug|Win32
		{8E93B26B-0277-4A32-BBD9-E7BCD68FFCCD}.Release|x64.ActiveCfg = Release|x64
		{8E93B26B-0277-4A32-BBD9-E7BCD68FFCCD}.Release|x64.Build.0 = Release|x64
		{8E93B26B-0277-4A32-BBD9-E7BCD68FFCCD}.Release|x86.ActiveCfg = Release|Win32
		{8E93B26B-0277-4A32-BBD9-E7BCD68FFCCD}.Release|x86.Build.0 = Release|Win32
	EndGlobalSection
	GlobalSection(SolutionProperties) = preSolution
		HideSolutionNode = FALSE
	EndGlobalSection
	GlobalSection(ExtensibilityGlobals) = postSolution
		SolutionGuid = {D30F0455-7E26-4EA4-80CD-40A61A7C4098}
	EndGlobalSection
EndGlobal
