
Microsoft Visual Studio Solution File, Format Version 12.00
# Visual Studio Version 17
VisualStudioVersion = 17.14.36401.2 d17.14
MinimumVisualStudioVersion = 10.0.40219.1
Project("{8BC9CEB8-8B4A-11D0-8D11-00A0C91BC942}") = "Project5", "Project5.vcxproj", "{8601464B-4E69-4ABC-9DE8-4E8749AD085A}"
EndProject
Global
	GlobalSection(SolutionConfigurationPlatforms) = preSolution
		Debug|x64 = Debug|x64
		Debug|x86 = Debug|x86
		Release|x64 = Release|x64
		Release|x86 = Release|x86
	EndGlobalSection
	GlobalSection(ProjectConfigurationPlatforms) = postSolution
		{8601464B-4E69-4ABC-9DE8-4E8749AD085A}.Debug|x64.ActiveCfg = Debug|x64
		{8601464B-4E69-4ABC-9DE8-4E8749AD085A}.Debug|x64.Build.0 = Debug|x64
		{8601464B-4E69-4ABC-9DE8-4E8749AD085A}.Debug|x86.ActiveCfg = Debug|Win32
		{8601464B-4E69-4ABC-9DE8-4E8749AD085A}.Debug|x86.Build.0 = Debug|Win32
		{8601464B-4E69-4ABC-9DE8-4E8749AD085A}.Release|x64.ActiveCfg = Release|x64
		{8601464B-4E69-4ABC-9DE8-4E8749AD085A}.Release|x64.Build.0 = Release|x64
		{8601464B-4E69-4ABC-9DE8-4E8749AD085A}.Release|x86.ActiveCfg = Release|Win32
		{8601464B-4E69-4ABC-9DE8-4E8749AD085A}.Release|x86.Build.0 = Release|Win32
	EndGlobalSection
	GlobalSection(SolutionProperties) = preSolution
		HideSolutionNode = FALSE
	EndGlobalSection
	GlobalSection(ExtensibilityGlobals) = postSolution
		SolutionGuid = {AF2EB30D-DBB8-4009-A204-670E1BBD65A5}
	EndGlobalSection
EndGlobal
