
Microsoft Visual Studio Solution File, Format Version 12.00
# Visual Studio Version 17
VisualStudioVersion = 17.14.36301.6 d17.14
MinimumVisualStudioVersion = 10.0.40219.1
Project("{8BC9CEB8-8B4A-11D0-8D11-00A0C91BC942}") = "Project5", "Project5.vcxproj", "{A91779C2-C740-4302-B597-21A47899BFBD}"
EndProject
Global
	GlobalSection(SolutionConfigurationPlatforms) = preSolution
		Debug|x64 = Debug|x64
		Debug|x86 = Debug|x86
		Release|x64 = Release|x64
		Release|x86 = Release|x86
	EndGlobalSection
	GlobalSection(ProjectConfigurationPlatforms) = postSolution
		{A91779C2-C740-4302-B597-21A47899BFBD}.Debug|x64.ActiveCfg = Debug|x64
		{A91779C2-C740-4302-B597-21A47899BFBD}.Debug|x64.Build.0 = Debug|x64
		{A91779C2-C740-4302-B597-21A47899BFBD}.Debug|x86.ActiveCfg = Debug|Win32
		{A91779C2-C740-4302-B597-21A47899BFBD}.Debug|x86.Build.0 = Debug|Win32
		{A91779C2-C740-4302-B597-21A47899BFBD}.Release|x64.ActiveCfg = Release|x64
		{A91779C2-C740-4302-B597-21A47899BFBD}.Release|x64.Build.0 = Release|x64
		{A91779C2-C740-4302-B597-21A47899BFBD}.Release|x86.ActiveCfg = Release|Win32
		{A91779C2-C740-4302-B597-21A47899BFBD}.Release|x86.Build.0 = Release|Win32
	EndGlobalSection
	GlobalSection(SolutionProperties) = preSolution
		HideSolutionNode = FALSE
	EndGlobalSection
	GlobalSection(ExtensibilityGlobals) = postSolution
		SolutionGuid = {D563469D-0534-4127-811D-DE2793807E3C}
	EndGlobalSection
EndGlobal
