
Microsoft Visual Studio Solution File, Format Version 12.00
# Visual Studio Version 17
VisualStudioVersion = 17.14.36310.24 d17.14
MinimumVisualStudioVersion = 10.0.40219.1
Project("{8BC9CEB8-8B4A-11D0-8D11-00A0C91BC942}") = "Project9", "Project9.vcxproj", "{EFDFB567-9ED1-49B5-AA02-216A5FBD1CF8}"
EndProject
Global
	GlobalSection(SolutionConfigurationPlatforms) = preSolution
		Debug|x64 = Debug|x64
		Debug|x86 = Debug|x86
		Release|x64 = Release|x64
		Release|x86 = Release|x86
	EndGlobalSection
	GlobalSection(ProjectConfigurationPlatforms) = postSolution
		{EFDFB567-9ED1-49B5-AA02-216A5FBD1CF8}.Debug|x64.ActiveCfg = Debug|x64
		{EFDFB567-9ED1-49B5-AA02-216A5FBD1CF8}.Debug|x64.Build.0 = Debug|x64
		{EFDFB567-9ED1-49B5-AA02-216A5FBD1CF8}.Debug|x86.ActiveCfg = Debug|Win32
		{EFDFB567-9ED1-49B5-AA02-216A5FBD1CF8}.Debug|x86.Build.0 = Debug|Win32
		{EFDFB567-9ED1-49B5-AA02-216A5FBD1CF8}.Release|x64.ActiveCfg = Release|x64
		{EFDFB567-9ED1-49B5-AA02-216A5FBD1CF8}.Release|x64.Build.0 = Release|x64
		{EFDFB567-9ED1-49B5-AA02-216A5FBD1CF8}.Release|x86.ActiveCfg = Release|Win32
		{EFDFB567-9ED1-49B5-AA02-216A5FBD1CF8}.Release|x86.Build.0 = Release|Win32
	EndGlobalSection
	GlobalSection(SolutionProperties) = preSolution
		HideSolutionNode = FALSE
	EndGlobalSection
	GlobalSection(ExtensibilityGlobals) = postSolution
		SolutionGuid = {652C9BC6-F2B5-4136-B970-7A3D8C0E753F}
	EndGlobalSection
EndGlobal
