
Microsoft Visual Studio Solution File, Format Version 12.00
# Visual Studio Version 17
VisualStudioVersion = 17.14.36401.2 d17.14
MinimumVisualStudioVersion = 10.0.40219.1
Project("{8BC9CEB8-8B4A-11D0-8D11-00A0C91BC942}") = "Project10", "Project10.vcxproj", "{D6D76A65-BB6B-4DE1-B9A1-038312C3427B}"
EndProject
Global
	GlobalSection(SolutionConfigurationPlatforms) = preSolution
		Debug|x64 = Debug|x64
		Debug|x86 = Debug|x86
		Release|x64 = Release|x64
		Release|x86 = Release|x86
	EndGlobalSection
	GlobalSection(ProjectConfigurationPlatforms) = postSolution
		{D6D76A65-BB6B-4DE1-B9A1-038312C3427B}.Debug|x64.ActiveCfg = Debug|x64
		{D6D76A65-BB6B-4DE1-B9A1-038312C3427B}.Debug|x64.Build.0 = Debug|x64
		{D6D76A65-BB6B-4DE1-B9A1-038312C3427B}.Debug|x86.ActiveCfg = Debug|Win32
		{D6D76A65-BB6B-4DE1-B9A1-038312C3427B}.Debug|x86.Build.0 = Debug|Win32
		{D6D76A65-BB6B-4DE1-B9A1-038312C3427B}.Release|x64.ActiveCfg = Release|x64
		{D6D76A65-BB6B-4DE1-B9A1-038312C3427B}.Release|x64.Build.0 = Release|x64
		{D6D76A65-BB6B-4DE1-B9A1-038312C3427B}.Release|x86.ActiveCfg = Release|Win32
		{D6D76A65-BB6B-4DE1-B9A1-038312C3427B}.Release|x86.Build.0 = Release|Win32
	EndGlobalSection
	GlobalSection(SolutionProperties) = preSolution
		HideSolutionNode = FALSE
	EndGlobalSection
	GlobalSection(ExtensibilityGlobals) = postSolution
		SolutionGuid = {906BCACA-138E-4AA7-9D7D-AF8554452E2B}
	EndGlobalSection
EndGlobal
