
Microsoft Visual Studio Solution File, Format Version 12.00
# Visual Studio Version 17
VisualStudioVersion = 17.14.36401.2 d17.14
MinimumVisualStudioVersion = 10.0.40219.1
Project("{8BC9CEB8-8B4A-11D0-8D11-00A0C91BC942}") = "Project1", "Project1.vcxproj", "{11A36FA6-106D-4762-BE8B-B6F1BC09FD61}"
EndProject
Global
	GlobalSection(SolutionConfigurationPlatforms) = preSolution
		Debug|x64 = Debug|x64
		Debug|x86 = Debug|x86
		Release|x64 = Release|x64
		Release|x86 = Release|x86
	EndGlobalSection
	GlobalSection(ProjectConfigurationPlatforms) = postSolution
		{11A36FA6-106D-4762-BE8B-B6F1BC09FD61}.Debug|x64.ActiveCfg = Debug|x64
		{11A36FA6-106D-4762-BE8B-B6F1BC09FD61}.Debug|x64.Build.0 = Debug|x64
		{11A36FA6-106D-4762-BE8B-B6F1BC09FD61}.Debug|x86.ActiveCfg = Debug|Win32
		{11A36FA6-106D-4762-BE8B-B6F1BC09FD61}.Debug|x86.Build.0 = Debug|Win32
		{11A36FA6-106D-4762-BE8B-B6F1BC09FD61}.Release|x64.ActiveCfg = Release|x64
		{11A36FA6-106D-4762-BE8B-B6F1BC09FD61}.Release|x64.Build.0 = Release|x64
		{11A36FA6-106D-4762-BE8B-B6F1BC09FD61}.Release|x86.ActiveCfg = Release|Win32
		{11A36FA6-106D-4762-BE8B-B6F1BC09FD61}.Release|x86.Build.0 = Release|Win32
	EndGlobalSection
	GlobalSection(SolutionProperties) = preSolution
		HideSolutionNode = FALSE
	EndGlobalSection
	GlobalSection(ExtensibilityGlobals) = postSolution
		SolutionGuid = {925036BE-BC5F-43A5-8003-4EB74E012474}
	EndGlobalSection
EndGlobal
