
Microsoft Visual Studio Solution File, Format Version 12.00
# Visual Studio Version 17
VisualStudioVersion = 17.14.36301.6 d17.14
MinimumVisualStudioVersion = 10.0.40219.1
Project("{8BC9CEB8-8B4A-11D0-8D11-00A0C91BC942}") = "Project2", "Project2.vcxproj", "{F44DA251-E8A8-48D7-A62E-2ED92AFE170B}"
EndProject
Global
	GlobalSection(SolutionConfigurationPlatforms) = preSolution
		Debug|x64 = Debug|x64
		Debug|x86 = Debug|x86
		Release|x64 = Release|x64
		Release|x86 = Release|x86
	EndGlobalSection
	GlobalSection(ProjectConfigurationPlatforms) = postSolution
		{F44DA251-E8A8-48D7-A62E-2ED92AFE170B}.Debug|x64.ActiveCfg = Debug|x64
		{F44DA251-E8A8-48D7-A62E-2ED92AFE170B}.Debug|x64.Build.0 = Debug|x64
		{F44DA251-E8A8-48D7-A62E-2ED92AFE170B}.Debug|x86.ActiveCfg = Debug|Win32
		{F44DA251-E8A8-48D7-A62E-2ED92AFE170B}.Debug|x86.Build.0 = Debug|Win32
		{F44DA251-E8A8-48D7-A62E-2ED92AFE170B}.Release|x64.ActiveCfg = Release|x64
		{F44DA251-E8A8-48D7-A62E-2ED92AFE170B}.Release|x64.Build.0 = Release|x64
		{F44DA251-E8A8-48D7-A62E-2ED92AFE170B}.Release|x86.ActiveCfg = Release|Win32
		{F44DA251-E8A8-48D7-A62E-2ED92AFE170B}.Release|x86.Build.0 = Release|Win32
	EndGlobalSection
	GlobalSection(SolutionProperties) = preSolution
		HideSolutionNode = FALSE
	EndGlobalSection
	GlobalSection(ExtensibilityGlobals) = postSolution
		SolutionGuid = {155D0229-ED6D-4501-9A51-8B8CF6586F0A}
	EndGlobalSection
EndGlobal
