
Microsoft Visual Studio Solution File, Format Version 12.00
# Visual Studio Version 17
VisualStudioVersion = 17.14.36221.1 d17.14
MinimumVisualStudioVersion = 10.0.40219.1
Project("{8BC9CEB8-8B4A-11D0-8D11-00A0C91BC942}") = "Project25", "Project25.vcxproj", "{9D1F602A-0A48-4E9B-B860-FDE52D9C3EF0}"
EndProject
Global
	GlobalSection(SolutionConfigurationPlatforms) = preSolution
		Debug|x64 = Debug|x64
		Debug|x86 = Debug|x86
		Release|x64 = Release|x64
		Release|x86 = Release|x86
	EndGlobalSection
	GlobalSection(ProjectConfigurationPlatforms) = postSolution
		{9D1F602A-0A48-4E9B-B860-FDE52D9C3EF0}.Debug|x64.ActiveCfg = Debug|x64
		{9D1F602A-0A48-4E9B-B860-FDE52D9C3EF0}.Debug|x64.Build.0 = Debug|x64
		{9D1F602A-0A48-4E9B-B860-FDE52D9C3EF0}.Debug|x86.ActiveCfg = Debug|Win32
		{9D1F602A-0A48-4E9B-B860-FDE52D9C3EF0}.Debug|x86.Build.0 = Debug|Win32
		{9D1F602A-0A48-4E9B-B860-FDE52D9C3EF0}.Release|x64.ActiveCfg = Release|x64
		{9D1F602A-0A48-4E9B-B860-FDE52D9C3EF0}.Release|x64.Build.0 = Release|x64
		{9D1F602A-0A48-4E9B-B860-FDE52D9C3EF0}.Release|x86.ActiveCfg = Release|Win32
		{9D1F602A-0A48-4E9B-B860-FDE52D9C3EF0}.Release|x86.Build.0 = Release|Win32
	EndGlobalSection
	GlobalSection(SolutionProperties) = preSolution
		HideSolutionNode = FALSE
	EndGlobalSection
	GlobalSection(ExtensibilityGlobals) = postSolution
		SolutionGuid = {5623F3C0-DFC5-4A64-971F-77997D9F2592}
	EndGlobalSection
EndGlobal
